
Microsoft Visual Studio Solution File, Format Version 12.00
# Visual Studio 14
VisualStudioVersion = 14.0.25420.1
MinimumVisualStudioVersion = 10.0.40219.1
Project("{FAE04EC0-301F-11D3-BF4B-00C04F79EFBC}") = "SftpManager", "SftpManager\SftpManager.csproj", "{46678C0F-646F-42D0-A8BC-D8F693478CB1}"
EndProject
Project("{FAE04EC0-301F-11D3-BF4B-00C04F79EFBC}") = "SftpManagerTests", "SftpManagerTests\SftpManagerTests.csproj", "{DE9878F1-CC83-4D57-B6C2-94CCBA1A6C1F}"
EndProject
Global
	GlobalSection(SolutionConfigurationPlatforms) = preSolution
		Debug|Any CPU = Debug|Any CPU
		Release|Any CPU = Release|Any CPU
	EndGlobalSection
	GlobalSection(ProjectConfigurationPlatforms) = postSolution
		{46678C0F-646F-42D0-A8BC-D8F693478CB1}.Debug|Any CPU.ActiveCfg = Debug|Any CPU
		{46678C0F-646F-42D0-A8BC-D8F693478CB1}.Debug|Any CPU.Build.0 = Debug|Any CPU
		{46678C0F-646F-42D0-A8BC-D8F693478CB1}.Release|Any CPU.ActiveCfg = Release|Any CPU
		{46678C0F-646F-42D0-A8BC-D8F693478CB1}.Release|Any CPU.Build.0 = Release|Any CPU
		{DE9878F1-CC83-4D57-B6C2-94CCBA1A6C1F}.Debug|Any CPU.ActiveCfg = Debug|Any CPU
		{DE9878F1-CC83-4D57-B6C2-94CCBA1A6C1F}.Debug|Any CPU.Build.0 = Debug|Any CPU
		{DE9878F1-CC83-4D57-B6C2-94CCBA1A6C1F}.Release|Any CPU.ActiveCfg = Release|Any CPU
		{DE9878F1-CC83-4D57-B6C2-94CCBA1A6C1F}.Release|Any CPU.Build.0 = Release|Any CPU
	EndGlobalSection
	GlobalSection(SolutionProperties) = preSolution
		HideSolutionNode = FALSE
	EndGlobalSection
EndGlobal
